
Microsoft Visual Studio Solution File, Format Version 12.00
# Visual Studio Version 17
VisualStudioVersion = 17.8.34330.188
MinimumVisualStudioVersion = 10.0.40219.1
Project("{FAE04EC0-301F-11D3-BF4B-00C04F79EFBC}") = "Demo-TypeAnonyme", "Demo-TypeAnonyme\Demo-TypeAnonyme.csproj", "{8E10DB77-3AC1-4938-8714-5727EC46736F}"
EndProject
Project("{FAE04EC0-301F-11D3-BF4B-00C04F79EFBC}") = "Demo-Lambda", "Demo-Lambda\Demo-Lambda.csproj", "{ABB22EF2-B288-47C1-BEFB-3B32B7C6F138}"
EndProject
Global
	GlobalSection(SolutionConfigurationPlatforms) = preSolution
		Debug|Any CPU = Debug|Any CPU
		Release|Any CPU = Release|Any CPU
	EndGlobalSection
	GlobalSection(ProjectConfigurationPlatforms) = postSolution
		{8E10DB77-3AC1-4938-8714-5727EC46736F}.Debug|Any CPU.ActiveCfg = Debug|Any CPU
		{8E10DB77-3AC1-4938-8714-5727EC46736F}.Debug|Any CPU.Build.0 = Debug|Any CPU
		{8E10DB77-3AC1-4938-8714-5727EC46736F}.Release|Any CPU.ActiveCfg = Release|Any CPU
		{8E10DB77-3AC1-4938-8714-5727EC46736F}.Release|Any CPU.Build.0 = Release|Any CPU
		{ABB22EF2-B288-47C1-BEFB-3B32B7C6F138}.Debug|Any CPU.ActiveCfg = Debug|Any CPU
		{ABB22EF2-B288-47C1-BEFB-3B32B7C6F138}.Debug|Any CPU.Build.0 = Debug|Any CPU
		{ABB22EF2-B288-47C1-BEFB-3B32B7C6F138}.Release|Any CPU.ActiveCfg = Release|Any CPU
		{ABB22EF2-B288-47C1-BEFB-3B32B7C6F138}.Release|Any CPU.Build.0 = Release|Any CPU
	EndGlobalSection
	GlobalSection(SolutionProperties) = preSolution
		HideSolutionNode = FALSE
	EndGlobalSection
	GlobalSection(ExtensibilityGlobals) = postSolution
		SolutionGuid = {B2A79760-77F3-456B-8838-BAE7520E7494}
	EndGlobalSection
EndGlobal
